<?xml version="1.0" encoding="utf-8"?>
<Project ToolsVersion="4.0" xmlns="http://schemas.microsoft.com/developer/msbuild/2003">
  <ItemGroup>
    <Filter Include="Source Files">
      <UniqueIdentifier>{E9C7FDCE-D52A-8D73-7EB0-C5296AF258F6}</UniqueIdentifier>
    </Filter>
    <Filter Include="Source Files\ECS">
      <UniqueIdentifier>{c1e35ada-0e53-4046-98f9-06a5cb72344a}</UniqueIdentifier>
    </Filter>
    <Filter Include="Source Files\ECS\Components">
      <UniqueIdentifier>{7725dba6-a164-4faf-8633-697fb02ad0ab}</UniqueIdentifier>
    </Filter>
    <Filter Include="Source Files\ECS\Systems">
      <UniqueIdentifier>{88b19bdf-28ca-43d2-9c4d-337ff191c74b}</UniqueIdentifier>
    </Filter>
  </ItemGroup>
  <ItemGroup>
    <ClCompile Include="main.cpp">
      <Filter>Source Files</Filter>
    </ClCompile>
    <ClCompile Include="entity.cpp">
      <Filter>Source Files\ECS</Filter>
    </ClCompile>
    <ClCompile Include="components.cpp">
      <Filter>Source Files\ECS</Filter>
    </ClCompile>
    <ClCompile Include="render_system.cpp">
      <Filter>Source Files\ECS\Systems</Filter>
    </ClCompile>
    <ClCompile Include="free_flight_controller.cpp">
      <Filter>Source Files\ECS\Systems</Filter>
    </ClCompile>
  </ItemGroup>
  <ItemGroup>
    <ClInclude Include="entity.h">
      <Filter>Source Files\ECS</Filter>
    </ClInclude>
    <ClInclude Include="components.h">
      <Filter>Source Files\ECS</Filter>
    </ClInclude>
    <ClInclude Include="drawable_component.h">
      <Filter>Source Files\ECS\Components</Filter>
    </ClInclude>
    <ClInclude Include="transform_component.h">
      <Filter>Source Files\ECS\Components</Filter>
    </ClInclude>
    <ClInclude Include="render_system.h">
      <Filter>Source Files\ECS\Systems</Filter>
    </ClInclude>
    <ClInclude Include="free_flight_controller.h">
      <Filter>Source Files\ECS\Systems</Filter>
    </ClInclude>
    <ClInclude Include="camera_component.h">
      <Filter>Source Files\ECS\Components</Filter>
    </ClInclude>
    <ClInclude Include="flight_data_component.h">
      <Filter>Source Files\ECS\Components</Filter>
    </ClInclude>
    <ClInclude Include="automover_component.h">
      <Filter>Source Files\ECS\Components</Filter>
    </ClInclude>
  </ItemGroup>
</Project>